// !$*UTF8*$!
{
	archiveVersion = 1;
	classes = {
	};
	objectVersion = 55;
	objects = {

/* Begin PBXBuildFile section */
		0F3DBDA80193F4443CF49F14 /* Pods_XMPP_SampleTests.framework in Frameworks */ = {isa = PBXBuildFile; fileRef = B0AC9BB8B5268CB30F0A86BD /* Pods_XMPP_SampleTests.framework */; };
		17B03DD73C5653E7ACD7CD1D /* Pods_XMPP_Sample.framework in Frameworks */ = {isa = PBXBuildFile; fileRef = AA7E1BC732C3F2D37E58CDC1 /* Pods_XMPP_Sample.framework */; };
		4463BBD927BE3E5F0081AEAA /* AppDelegate.swift in Sources */ = {isa = PBXBuildFile; fileRef = 4463BBD827BE3E5F0081AEAA /* AppDelegate.swift */; };
		4463BBDB27BE3E5F0081AEAA /* SceneDelegate.swift in Sources */ = {isa = PBXBuildFile; fileRef = 4463BBDA27BE3E5F0081AEAA /* SceneDelegate.swift */; };
		4463BBDD27BE3E5F0081AEAA /* LoginViewController.swift in Sources */ = {isa = PBXBuildFile; fileRef = 4463BBDC27BE3E5F0081AEAA /* LoginViewController.swift */; };
		4463BBE027BE3E5F0081AEAA /* Main.storyboard in Resources */ = {isa = PBXBuildFile; fileRef = 4463BBDE27BE3E5F0081AEAA /* Main.storyboard */; };
		4463BBE327BE3E5F0081AEAA /* XMPP_Sample.xcdatamodeld in Sources */ = {isa = PBXBuildFile; fileRef = 4463BBE127BE3E5F0081AEAA /* XMPP_Sample.xcdatamodeld */; };
		4463BBE527BE3E600081AEAA /* Assets.xcassets in Resources */ = {isa = PBXBuildFile; fileRef = 4463BBE427BE3E600081AEAA /* Assets.xcassets */; };
		4463BBE827BE3E600081AEAA /* LaunchScreen.storyboard in Resources */ = {isa = PBXBuildFile; fileRef = 4463BBE627BE3E600081AEAA /* LaunchScreen.storyboard */; };
		4463BBF327BE3E600081AEAA /* XMPP_SampleTests.swift in Sources */ = {isa = PBXBuildFile; fileRef = 4463BBF227BE3E600081AEAA /* XMPP_SampleTests.swift */; };
		4463BBFD27BE3E600081AEAA /* XMPP_SampleUITests.swift in Sources */ = {isa = PBXBuildFile; fileRef = 4463BBFC27BE3E600081AEAA /* XMPP_SampleUITests.swift */; };
		4463BBFF27BE3E600081AEAA /* XMPP_SampleUITestsLaunchTests.swift in Sources */ = {isa = PBXBuildFile; fileRef = 4463BBFE27BE3E600081AEAA /* XMPP_SampleUITestsLaunchTests.swift */; };
		4463BC0C27BE3EB50081AEAA /* ParentViewController.swift in Sources */ = {isa = PBXBuildFile; fileRef = 4463BC0B27BE3EB50081AEAA /* ParentViewController.swift */; };
		44DAEFD527BE728200C0428F /* XMPPController.swift in Sources */ = {isa = PBXBuildFile; fileRef = 44DAEFD427BE728200C0428F /* XMPPController.swift */; };
		44DAEFD727BF62CD00C0428F /* ContactSync.swift in Sources */ = {isa = PBXBuildFile; fileRef = 44DAEFD627BF62CD00C0428F /* ContactSync.swift */; };
		8503F9252E14456BBB08A187 /* Pods_XMPP_Sample_XMPP_SampleUITests.framework in Frameworks */ = {isa = PBXBuildFile; fileRef = D75ECF88F1ADE33A7E475B1B /* Pods_XMPP_Sample_XMPP_SampleUITests.framework */; };
/* End PBXBuildFile section */

/* Begin PBXContainerItemProxy section */
		4463BBEF27BE3E600081AEAA /* PBXContainerItemProxy */ = {
			isa = PBXContainerItemProxy;
			containerPortal = 4463BBCD27BE3E5F0081AEAA /* Project object */;
			proxyType = 1;
			remoteGlobalIDString = 4463BBD427BE3E5F0081AEAA;
			remoteInfo = "XMPP-Sample";
		};
		4463BBF927BE3E600081AEAA /* PBXContainerItemProxy */ = {
			isa = PBXContainerItemProxy;
			containerPortal = 4463BBCD27BE3E5F0081AEAA /* Project object */;
			proxyType = 1;
			remoteGlobalIDString = 4463BBD427BE3E5F0081AEAA;
			remoteInfo = "XMPP-Sample";
		};
/* End PBXContainerItemProxy section */

/* Begin PBXFileReference section */
		114E778C585108F7DA056F26 /* Pods-XMPP-Sample.release.xcconfig */ = {isa = PBXFileReference; includeInIndex = 1; lastKnownFileType = text.xcconfig; name = "Pods-XMPP-Sample.release.xcconfig"; path = "Target Support Files/Pods-XMPP-Sample/Pods-XMPP-Sample.release.xcconfig"; sourceTree = "<group>"; };
		4463BBD527BE3E5F0081AEAA /* XMPP-Sample.app */ = {isa = PBXFileReference; explicitFileType = wrapper.application; includeInIndex = 0; path = "XMPP-Sample.app"; sourceTree = BUILT_PRODUCTS_DIR; };
		4463BBD827BE3E5F0081AEAA /* AppDelegate.swift */ = {isa = PBXFileReference; lastKnownFileType = sourcecode.swift; path = AppDelegate.swift; sourceTree = "<group>"; };
		4463BBDA27BE3E5F0081AEAA /* SceneDelegate.swift */ = {isa = PBXFileReference; lastKnownFileType = sourcecode.swift; path = SceneDelegate.swift; sourceTree = "<group>"; };
		4463BBDC27BE3E5F0081AEAA /* LoginViewController.swift */ = {isa = PBXFileReference; lastKnownFileType = sourcecode.swift; path = LoginViewController.swift; sourceTree = "<group>"; };
		4463BBDF27BE3E5F0081AEAA /* Base */ = {isa = PBXFileReference; lastKnownFileType = file.storyboard; name = Base; path = Base.lproj/Main.storyboard; sourceTree = "<group>"; };
		4463BBE227BE3E5F0081AEAA /* XMPP_Sample.xcdatamodel */ = {isa = PBXFileReference; lastKnownFileType = wrapper.xcdatamodel; path = XMPP_Sample.xcdatamodel; sourceTree = "<group>"; };
		4463BBE427BE3E600081AEAA /* Assets.xcassets */ = {isa = PBXFileReference; lastKnownFileType = folder.assetcatalog; path = Assets.xcassets; sourceTree = "<group>"; };
		4463BBE727BE3E600081AEAA /* Base */ = {isa = PBXFileReference; lastKnownFileType = file.storyboard; name = Base; path = Base.lproj/LaunchScreen.storyboard; sourceTree = "<group>"; };
		4463BBE927BE3E600081AEAA /* Info.plist */ = {isa = PBXFileReference; lastKnownFileType = text.plist.xml; path = Info.plist; sourceTree = "<group>"; };
		4463BBEE27BE3E600081AEAA /* XMPP-SampleTests.xctest */ = {isa = PBXFileReference; explicitFileType = wrapper.cfbundle; includeInIndex = 0; path = "XMPP-SampleTests.xctest"; sourceTree = BUILT_PRODUCTS_DIR; };
		4463BBF227BE3E600081AEAA /* XMPP_SampleTests.swift */ = {isa = PBXFileReference; lastKnownFileType = sourcecode.swift; path = XMPP_SampleTests.swift; sourceTree = "<group>"; };
		4463BBF827BE3E600081AEAA /* XMPP-SampleUITests.xctest */ = {isa = PBXFileReference; explicitFileType = wrapper.cfbundle; includeInIndex = 0; path = "XMPP-SampleUITests.xctest"; sourceTree = BUILT_PRODUCTS_DIR; };
		4463BBFC27BE3E600081AEAA /* XMPP_SampleUITests.swift */ = {isa = PBXFileReference; lastKnownFileType = sourcecode.swift; path = XMPP_SampleUITests.swift; sourceTree = "<group>"; };
		4463BBFE27BE3E600081AEAA /* XMPP_SampleUITestsLaunchTests.swift */ = {isa = PBXFileReference; lastKnownFileType = sourcecode.swift; path = XMPP_SampleUITestsLaunchTests.swift; sourceTree = "<group>"; };
		4463BC0B27BE3EB50081AEAA /* ParentViewController.swift */ = {isa = PBXFileReference; lastKnownFileType = sourcecode.swift; path = ParentViewController.swift; sourceTree = "<group>"; };
		44DAEFD427BE728200C0428F /* XMPPController.swift */ = {isa = PBXFileReference; fileEncoding = 4; lastKnownFileType = sourcecode.swift; path = XMPPController.swift; sourceTree = "<group>"; };
		44DAEFD627BF62CD00C0428F /* ContactSync.swift */ = {isa = PBXFileReference; lastKnownFileType = sourcecode.swift; path = ContactSync.swift; sourceTree = "<group>"; };
		6EEC0845AFF13324068B6F60 /* Pods-XMPP-Sample-XMPP-SampleUITests.debug.xcconfig */ = {isa = PBXFileReference; includeInIndex = 1; lastKnownFileType = text.xcconfig; name = "Pods-XMPP-Sample-XMPP-SampleUITests.debug.xcconfig"; path = "Target Support Files/Pods-XMPP-Sample-XMPP-SampleUITests/Pods-XMPP-Sample-XMPP-SampleUITests.debug.xcconfig"; sourceTree = "<group>"; };
		9463C6BD76A348191999F3BF /* Pods-XMPP-Sample-XMPP-SampleUITests.release.xcconfig */ = {isa = PBXFileReference; includeInIndex = 1; lastKnownFileType = text.xcconfig; name = "Pods-XMPP-Sample-XMPP-SampleUITests.release.xcconfig"; path = "Target Support Files/Pods-XMPP-Sample-XMPP-SampleUITests/Pods-XMPP-Sample-XMPP-SampleUITests.release.xcconfig"; sourceTree = "<group>"; };
		AA7E1BC732C3F2D37E58CDC1 /* Pods_XMPP_Sample.framework */ = {isa = PBXFileReference; explicitFileType = wrapper.framework; includeInIndex = 0; path = Pods_XMPP_Sample.framework; sourceTree = BUILT_PRODUCTS_DIR; };
		B0AC9BB8B5268CB30F0A86BD /* Pods_XMPP_SampleTests.framework */ = {isa = PBXFileReference; explicitFileType = wrapper.framework; includeInIndex = 0; path = Pods_XMPP_SampleTests.framework; sourceTree = BUILT_PRODUCTS_DIR; };
		D75ECF88F1ADE33A7E475B1B /* Pods_XMPP_Sample_XMPP_SampleUITests.framework */ = {isa = PBXFileReference; explicitFileType = wrapper.framework; includeInIndex = 0; path = Pods_XMPP_Sample_XMPP_SampleUITests.framework; sourceTree = BUILT_PRODUCTS_DIR; };
		DFF71FDA230780F420C74F3F /* Pods-XMPP-Sample.debug.xcconfig */ = {isa = PBXFileReference; includeInIndex = 1; lastKnownFileType = text.xcconfig; name = "Pods-XMPP-Sample.debug.xcconfig"; path = "Target Support Files/Pods-XMPP-Sample/Pods-XMPP-Sample.debug.xcconfig"; sourceTree = "<group>"; };
		F2E68956EB58DE526B37D7C3 /* Pods-XMPP-SampleTests.debug.xcconfig */ = {isa = PBXFileReference; includeInIndex = 1; lastKnownFileType = text.xcconfig; name = "Pods-XMPP-SampleTests.debug.xcconfig"; path = "Target Support Files/Pods-XMPP-SampleTests/Pods-XMPP-SampleTests.debug.xcconfig"; sourceTree = "<group>"; };
		F96E3C19F85D424520CF84E3 /* Pods-XMPP-SampleTests.release.xcconfig */ = {isa = PBXFileReference; includeInIndex = 1; lastKnownFileType = text.xcconfig; name = "Pods-XMPP-SampleTests.release.xcconfig"; path = "Target Support Files/Pods-XMPP-SampleTests/Pods-XMPP-SampleTests.release.xcconfig"; sourceTree = "<group>"; };
/* End PBXFileReference section */

/* Begin PBXFrameworksBuildPhase section */
		4463BBD227BE3E5F0081AEAA /* Frameworks */ = {
			isa = PBXFrameworksBuildPhase;
			buildActionMask = 2147483647;
			files = (
				17B03DD73C5653E7ACD7CD1D /* Pods_XMPP_Sample.framework in Frameworks */,
			);
			runOnlyForDeploymentPostprocessing = 0;
		};
		4463BBEB27BE3E600081AEAA /* Frameworks */ = {
			isa = PBXFrameworksBuildPhase;
			buildActionMask = 2147483647;
			files = (
				0F3DBDA80193F4443CF49F14 /* Pods_XMPP_SampleTests.framework in Frameworks */,
			);
			runOnlyForDeploymentPostprocessing = 0;
		};
		4463BBF527BE3E600081AEAA /* Frameworks */ = {
			isa = PBXFrameworksBuildPhase;
			buildActionMask = 2147483647;
			files = (
				8503F9252E14456BBB08A187 /* Pods_XMPP_Sample_XMPP_SampleUITests.framework in Frameworks */,
			);
			runOnlyForDeploymentPostprocessing = 0;
		};
/* End PBXFrameworksBuildPhase section */

/* Begin PBXGroup section */
		4463BBCC27BE3E5F0081AEAA = {
			isa = PBXGroup;
			children = (
				4463BBD727BE3E5F0081AEAA /* XMPP-Sample */,
				4463BBF127BE3E600081AEAA /* XMPP-SampleTests */,
				4463BBFB27BE3E600081AEAA /* XMPP-SampleUITests */,
				4463BBD627BE3E5F0081AEAA /* Products */,
				894A18704B2F986D13C3523D /* Pods */,
				BD106196277E1CB82B1796E8 /* Frameworks */,
			);
			sourceTree = "<group>";
		};
		4463BBD627BE3E5F0081AEAA /* Products */ = {
			isa = PBXGroup;
			children = (
				4463BBD527BE3E5F0081AEAA /* XMPP-Sample.app */,
				4463BBEE27BE3E600081AEAA /* XMPP-SampleTests.xctest */,
				4463BBF827BE3E600081AEAA /* XMPP-SampleUITests.xctest */,
			);
			name = Products;
			sourceTree = "<group>";
		};
		4463BBD727BE3E5F0081AEAA /* XMPP-Sample */ = {
			isa = PBXGroup;
			children = (
				4463BBD827BE3E5F0081AEAA /* AppDelegate.swift */,
				44DAEFD627BF62CD00C0428F /* ContactSync.swift */,
				44DAEFD427BE728200C0428F /* XMPPController.swift */,
				4463BBDC27BE3E5F0081AEAA /* LoginViewController.swift */,
				4463BC0B27BE3EB50081AEAA /* ParentViewController.swift */,
				4463BBDA27BE3E5F0081AEAA /* SceneDelegate.swift */,
				4463BBDE27BE3E5F0081AEAA /* Main.storyboard */,
				4463BBE427BE3E600081AEAA /* Assets.xcassets */,
				4463BBE627BE3E600081AEAA /* LaunchScreen.storyboard */,
				4463BBE927BE3E600081AEAA /* Info.plist */,
				4463BBE127BE3E5F0081AEAA /* XMPP_Sample.xcdatamodeld */,
			);
			path = "XMPP-Sample";
			sourceTree = "<group>";
		};
		4463BBF127BE3E600081AEAA /* XMPP-SampleTests */ = {
			isa = PBXGroup;
			children = (
				4463BBF227BE3E600081AEAA /* XMPP_SampleTests.swift */,
			);
			path = "XMPP-SampleTests";
			sourceTree = "<group>";
		};
		4463BBFB27BE3E600081AEAA /* XMPP-SampleUITests */ = {
			isa = PBXGroup;
			children = (
				4463BBFC27BE3E600081AEAA /* XMPP_SampleUITests.swift */,
				4463BBFE27BE3E600081AEAA /* XMPP_SampleUITestsLaunchTests.swift */,
			);
			path = "XMPP-SampleUITests";
			sourceTree = "<group>";
		};
		894A18704B2F986D13C3523D /* Pods */ = {
			isa = PBXGroup;
			children = (
				DFF71FDA230780F420C74F3F /* Pods-XMPP-Sample.debug.xcconfig */,
				114E778C585108F7DA056F26 /* Pods-XMPP-Sample.release.xcconfig */,
				6EEC0845AFF13324068B6F60 /* Pods-XMPP-Sample-XMPP-SampleUITests.debug.xcconfig */,
				9463C6BD76A348191999F3BF /* Pods-XMPP-Sample-XMPP-SampleUITests.release.xcconfig */,
				F2E68956EB58DE526B37D7C3 /* Pods-XMPP-SampleTests.debug.xcconfig */,
				F96E3C19F85D424520CF84E3 /* Pods-XMPP-SampleTests.release.xcconfig */,
			);
			path = Pods;
			sourceTree = "<group>";
		};
		BD106196277E1CB82B1796E8 /* Frameworks */ = {
			isa = PBXGroup;
			children = (
				AA7E1BC732C3F2D37E58CDC1 /* Pods_XMPP_Sample.framework */,
				D75ECF88F1ADE33A7E475B1B /* Pods_XMPP_Sample_XMPP_SampleUITests.framework */,
				B0AC9BB8B5268CB30F0A86BD /* Pods_XMPP_SampleTests.framework */,
			);
			name = Frameworks;
			sourceTree = "<group>";
		};
/* End PBXGroup section */

/* Begin PBXNativeTarget section */
		4463BBD427BE3E5F0081AEAA /* XMPP-Sample */ = {
			isa = PBXNativeTarget;
			buildConfigurationList = 4463BC0227BE3E600081AEAA /* Build configuration list for PBXNativeTarget "XMPP-Sample" */;
			buildPhases = (
				E465A3A7F6540F1A57D66932 /* [CP] Check Pods Manifest.lock */,
				4463BBD127BE3E5F0081AEAA /* Sources */,
				4463BBD227BE3E5F0081AEAA /* Frameworks */,
				4463BBD327BE3E5F0081AEAA /* Resources */,
				52A056CD617AC302B24D415A /* [CP] Embed Pods Frameworks */,
			);
			buildRules = (
			);
			dependencies = (
			);
			name = "XMPP-Sample";
			productName = "XMPP-Sample";
			productReference = 4463BBD527BE3E5F0081AEAA /* XMPP-Sample.app */;
			productType = "com.apple.product-type.application";
		};
		4463BBED27BE3E600081AEAA /* XMPP-SampleTests */ = {
			isa = PBXNativeTarget;
			buildConfigurationList = 4463BC0527BE3E600081AEAA /* Build configuration list for PBXNativeTarget "XMPP-SampleTests" */;
			buildPhases = (
				E0BAE9BABA62D05D4E737F99 /* [CP] Check Pods Manifest.lock */,
				4463BBEA27BE3E600081AEAA /* Sources */,
				4463BBEB27BE3E600081AEAA /* Frameworks */,
				4463BBEC27BE3E600081AEAA /* Resources */,
			);
			buildRules = (
			);
			dependencies = (
				4463BBF027BE3E600081AEAA /* PBXTargetDependency */,
			);
			name = "XMPP-SampleTests";
			productName = "XMPP-SampleTests";
			productReference = 4463BBEE27BE3E600081AEAA /* XMPP-SampleTests.xctest */;
			productType = "com.apple.product-type.bundle.unit-test";
		};
		4463BBF727BE3E600081AEAA /* XMPP-SampleUITests */ = {
			isa = PBXNativeTarget;
			buildConfigurationList = 4463BC0827BE3E600081AEAA /* Build configuration list for PBXNativeTarget "XMPP-SampleUITests" */;
			buildPhases = (
				E3C46BD3A09A21FDACDB405B /* [CP] Check Pods Manifest.lock */,
				4463BBF427BE3E600081AEAA /* Sources */,
				4463BBF527BE3E600081AEAA /* Frameworks */,
				4463BBF627BE3E600081AEAA /* Resources */,
				F221C34A46B8E6075C0C0699 /* [CP] Embed Pods Frameworks */,
			);
			buildRules = (
			);
			dependencies = (
				4463BBFA27BE3E600081AEAA /* PBXTargetDependency */,
			);
			name = "XMPP-SampleUITests";
			productName = "XMPP-SampleUITests";
			productReference = 4463BBF827BE3E600081AEAA /* XMPP-SampleUITests.xctest */;
			productType = "com.apple.product-type.bundle.ui-testing";
		};
/* End PBXNativeTarget section */

/* Begin PBXProject section */
		4463BBCD27BE3E5F0081AEAA /* Project object */ = {
			isa = PBXProject;
			attributes = {
				BuildIndependentTargetsInParallel = 1;
				LastSwiftUpdateCheck = 1300;
				LastUpgradeCheck = 1300;
				ORGANIZATIONNAME = "Govind+Vaishu";
				TargetAttributes = {
					4463BBD427BE3E5F0081AEAA = {
						CreatedOnToolsVersion = 13.0;
					};
					4463BBED27BE3E600081AEAA = {
						CreatedOnToolsVersion = 13.0;
						TestTargetID = 4463BBD427BE3E5F0081AEAA;
					};
					4463BBF727BE3E600081AEAA = {
						CreatedOnToolsVersion = 13.0;
						TestTargetID = 4463BBD427BE3E5F0081AEAA;
					};
				};
			};
			buildConfigurationList = 4463BBD027BE3E5F0081AEAA /* Build configuration list for PBXProject "XMPP-Sample" */;
			compatibilityVersion = "Xcode 13.0";
			developmentRegion = en;
			hasScannedForEncodings = 0;
			knownRegions = (
				en,
				Base,
			);
			mainGroup = 4463BBCC27BE3E5F0081AEAA;
			productRefGroup = 4463BBD627BE3E5F0081AEAA /* Products */;
			projectDirPath = "";
			projectRoot = "";
			targets = (
				4463BBD427BE3E5F0081AEAA /* XMPP-Sample */,
				4463BBED27BE3E600081AEAA /* XMPP-SampleTests */,
				4463BBF727BE3E600081AEAA /* XMPP-SampleUITests */,
			);
		};
/* End PBXProject section */

/* Begin PBXResourcesBuildPhase section */
		4463BBD327BE3E5F0081AEAA /* Resources */ = {
			isa = PBXResourcesBuildPhase;
			buildActionMask = 2147483647;
			files = (
				4463BBE827BE3E600081AEAA /* LaunchScreen.storyboard in Resources */,
				4463BBE527BE3E600081AEAA /* Assets.xcassets in Resources */,
				4463BBE027BE3E5F0081AEAA /* Main.storyboard in Resources */,
			);
			runOnlyForDeploymentPostprocessing = 0;
		};
		4463BBEC27BE3E600081AEAA /* Resources */ = {
			isa = PBXResourcesBuildPhase;
			buildActionMask = 2147483647;
			files = (
			);
			runOnlyForDeploymentPostprocessing = 0;
		};
		4463BBF627BE3E600081AEAA /* Resources */ = {
			isa = PBXResourcesBuildPhase;
			buildActionMask = 2147483647;
			files = (
			);
			runOnlyForDeploymentPostprocessing = 0;
		};
/* End PBXResourcesBuildPhase section */

/* Begin PBXShellScriptBuildPhase section */
		52A056CD617AC302B24D415A /* [CP] Embed Pods Frameworks */ = {
			isa = PBXShellScriptBuildPhase;
			buildActionMask = 2147483647;
			files = (
			);
			inputFileListPaths = (
				"${PODS_ROOT}/Target Support Files/Pods-XMPP-Sample/Pods-XMPP-Sample-frameworks-${CONFIGURATION}-input-files.xcfilelist",
			);
			name = "[CP] Embed Pods Frameworks";
			outputFileListPaths = (
				"${PODS_ROOT}/Target Support Files/Pods-XMPP-Sample/Pods-XMPP-Sample-frameworks-${CONFIGURATION}-output-files.xcfilelist",
			);
			runOnlyForDeploymentPostprocessing = 0;
			shellPath = /bin/sh;
			shellScript = "\"${PODS_ROOT}/Target Support Files/Pods-XMPP-Sample/Pods-XMPP-Sample-frameworks.sh\"\n";
			showEnvVarsInLog = 0;
		};
		E0BAE9BABA62D05D4E737F99 /* [CP] Check Pods Manifest.lock */ = {
			isa = PBXShellScriptBuildPhase;
			buildActionMask = 2147483647;
			files = (
			);
			inputFileListPaths = (
			);
			inputPaths = (
				"${PODS_PODFILE_DIR_PATH}/Podfile.lock",
				"${PODS_ROOT}/Manifest.lock",
			);
			name = "[CP] Check Pods Manifest.lock";
			outputFileListPaths = (
			);
			outputPaths = (
				"$(DERIVED_FILE_DIR)/Pods-XMPP-SampleTests-checkManifestLockResult.txt",
			);
			runOnlyForDeploymentPostprocessing = 0;
			shellPath = /bin/sh;
			shellScript = "diff \"${PODS_PODFILE_DIR_PATH}/Podfile.lock\" \"${PODS_ROOT}/Manifest.lock\" > /dev/null\nif [ $? != 0 ] ; then\n    # print error to STDERR\n    echo \"error: The sandbox is not in sync with the Podfile.lock. Run 'pod install' or update your CocoaPods installation.\" >&2\n    exit 1\nfi\n# This output is used by Xcode 'outputs' to avoid re-running this script phase.\necho \"SUCCESS\" > \"${SCRIPT_OUTPUT_FILE_0}\"\n";
			showEnvVarsInLog = 0;
		};
		E3C46BD3A09A21FDACDB405B /* [CP] Check Pods Manifest.lock */ = {
			isa = PBXShellScriptBuildPhase;
			buildActionMask = 2147483647;
			files = (
			);
			inputFileListPaths = (
			);
			inputPaths = (
				"${PODS_PODFILE_DIR_PATH}/Podfile.lock",
				"${PODS_ROOT}/Manifest.lock",
			);
			name = "[CP] Check Pods Manifest.lock";
			outputFileListPaths = (
			);
			outputPaths = (
				"$(DERIVED_FILE_DIR)/Pods-XMPP-Sample-XMPP-SampleUITests-checkManifestLockResult.txt",
			);
			runOnlyForDeploymentPostprocessing = 0;
			shellPath = /bin/sh;
			shellScript = "diff \"${PODS_PODFILE_DIR_PATH}/Podfile.lock\" \"${PODS_ROOT}/Manifest.lock\" > /dev/null\nif [ $? != 0 ] ; then\n    # print error to STDERR\n    echo \"error: The sandbox is not in sync with the Podfile.lock. Run 'pod install' or update your CocoaPods installation.\" >&2\n    exit 1\nfi\n# This output is used by Xcode 'outputs' to avoid re-running this script phase.\necho \"SUCCESS\" > \"${SCRIPT_OUTPUT_FILE_0}\"\n";
			showEnvVarsInLog = 0;
		};
		E465A3A7F6540F1A57D66932 /* [CP] Check Pods Manifest.lock */ = {
			isa = PBXShellScriptBuildPhase;
			buildActionMask = 2147483647;
			files = (
			);
			inputFileListPaths = (
			);
			inputPaths = (
				"${PODS_PODFILE_DIR_PATH}/Podfile.lock",
				"${PODS_ROOT}/Manifest.lock",
			);
			name = "[CP] Check Pods Manifest.lock";
			outputFileListPaths = (
			);
			outputPaths = (
				"$(DERIVED_FILE_DIR)/Pods-XMPP-Sample-checkManifestLockResult.txt",
			);
			runOnlyForDeploymentPostprocessing = 0;
			shellPath = /bin/sh;
			shellScript = "diff \"${PODS_PODFILE_DIR_PATH}/Podfile.lock\" \"${PODS_ROOT}/Manifest.lock\" > /dev/null\nif [ $? != 0 ] ; then\n    # print error to STDERR\n    echo \"error: The sandbox is not in sync with the Podfile.lock. Run 'pod install' or update your CocoaPods installation.\" >&2\n    exit 1\nfi\n# This output is used by Xcode 'outputs' to avoid re-running this script phase.\necho \"SUCCESS\" > \"${SCRIPT_OUTPUT_FILE_0}\"\n";
			showEnvVarsInLog = 0;
		};
		F221C34A46B8E6075C0C0699 /* [CP] Embed Pods Frameworks */ = {
			isa = PBXShellScriptBuildPhase;
			buildActionMask = 2147483647;
			files = (
			);
			inputFileListPaths = (
				"${PODS_ROOT}/Target Support Files/Pods-XMPP-Sample-XMPP-SampleUITests/Pods-XMPP-Sample-XMPP-SampleUITests-frameworks-${CONFIGURATION}-input-files.xcfilelist",
			);
			name = "[CP] Embed Pods Frameworks";
			outputFileListPaths = (
				"${PODS_ROOT}/Target Support Files/Pods-XMPP-Sample-XMPP-SampleUITests/Pods-XMPP-Sample-XMPP-SampleUITests-frameworks-${CONFIGURATION}-output-files.xcfilelist",
			);
			runOnlyForDeploymentPostprocessing = 0;
			shellPath = /bin/sh;
			shellScript = "\"${PODS_ROOT}/Target Support Files/Pods-XMPP-Sample-XMPP-SampleUITests/Pods-XMPP-Sample-XMPP-SampleUITests-frameworks.sh\"\n";
			showEnvVarsInLog = 0;
		};
/* End PBXShellScriptBuildPhase section */

/* Begin PBXSourcesBuildPhase section */
		4463BBD127BE3E5F0081AEAA /* Sources */ = {
			isa = PBXSourcesBuildPhase;
			buildActionMask = 2147483647;
			files = (
				4463BBDD27BE3E5F0081AEAA /* LoginViewController.swift in Sources */,
				44DAEFD527BE728200C0428F /* XMPPController.swift in Sources */,
				4463BBD927BE3E5F0081AEAA /* AppDelegate.swift in Sources */,
				4463BBE327BE3E5F0081AEAA /* XMPP_Sample.xcdatamodeld in Sources */,
				44DAEFD727BF62CD00C0428F /* ContactSync.swift in Sources */,
				4463BC0C27BE3EB50081AEAA /* ParentViewController.swift in Sources */,
				4463BBDB27BE3E5F0081AEAA /* SceneDelegate.swift in Sources */,
			);
			runOnlyForDeploymentPostprocessing = 0;
		};
		4463BBEA27BE3E600081AEAA /* Sources */ = {
			isa = PBXSourcesBuildPhase;
			buildActionMask = 2147483647;
			files = (
				4463BBF327BE3E600081AEAA /* XMPP_SampleTests.swift in Sources */,
			);
			runOnlyForDeploymentPostprocessing = 0;
		};
		4463BBF427BE3E600081AEAA /* Sources */ = {
			isa = PBXSourcesBuildPhase;
			buildActionMask = 2147483647;
			files = (
				4463BBFD27BE3E600081AEAA /* XMPP_SampleUITests.swift in Sources */,
				4463BBFF27BE3E600081AEAA /* XMPP_SampleUITestsLaunchTests.swift in Sources */,
			);
			runOnlyForDeploymentPostprocessing = 0;
		};
/* End PBXSourcesBuildPhase section */

/* Begin PBXTargetDependency section */
		4463BBF027BE3E600081AEAA /* PBXTargetDependency */ = {
			isa = PBXTargetDependency;
			target = 4463BBD427BE3E5F0081AEAA /* XMPP-Sample */;
			targetProxy = 4463BBEF27BE3E600081AEAA /* PBXContainerItemProxy */;
		};
		4463BBFA27BE3E600081AEAA /* PBXTargetDependency */ = {
			isa = PBXTargetDependency;
			target = 4463BBD427BE3E5F0081AEAA /* XMPP-Sample */;
			targetProxy = 4463BBF927BE3E600081AEAA /* PBXContainerItemProxy */;
		};
/* End PBXTargetDependency section */

/* Begin PBXVariantGroup section */
		4463BBDE27BE3E5F0081AEAA /* Main.storyboard */ = {
			isa = PBXVariantGroup;
			children = (
				4463BBDF27BE3E5F0081AEAA /* Base */,
			);
			name = Main.storyboard;
			sourceTree = "<group>";
		};
		4463BBE627BE3E600081AEAA /* LaunchScreen.storyboard */ = {
			isa = PBXVariantGroup;
			children = (
				4463BBE727BE3E600081AEAA /* Base */,
			);
			name = LaunchScreen.storyboard;
			sourceTree = "<group>";
		};
/* End PBXVariantGroup section */

/* Begin XCBuildConfiguration section */
		4463BC0027BE3E600081AEAA /* Debug */ = {
			isa = XCBuildConfiguration;
			buildSettings = {
				ALWAYS_SEARCH_USER_PATHS = NO;
				CLANG_ANALYZER_NONNULL = YES;
				CLANG_ANALYZER_NUMBER_OBJECT_CONVERSION = YES_AGGRESSIVE;
				CLANG_CXX_LANGUAGE_STANDARD = "gnu++17";
				CLANG_CXX_LIBRARY = "libc++";
				CLANG_ENABLE_MODULES = YES;
				CLANG_ENABLE_OBJC_ARC = YES;
				CLANG_ENABLE_OBJC_WEAK = YES;
				CLANG_WARN_BLOCK_CAPTURE_AUTORELEASING = YES;
				CLANG_WARN_BOOL_CONVERSION = YES;
				CLANG_WARN_COMMA = YES;
				CLANG_WARN_CONSTANT_CONVERSION = YES;
				CLANG_WARN_DEPRECATED_OBJC_IMPLEMENTATIONS = YES;
				CLANG_WARN_DIRECT_OBJC_ISA_USAGE = YES_ERROR;
				CLANG_WARN_DOCUMENTATION_COMMENTS = YES;
				CLANG_WARN_EMPTY_BODY = YES;
				CLANG_WARN_ENUM_CONVERSION = YES;
				CLANG_WARN_INFINITE_RECURSION = YES;
				CLANG_WARN_INT_CONVERSION = YES;
				CLANG_WARN_NON_LITERAL_NULL_CONVERSION = YES;
				CLANG_WARN_OBJC_IMPLICIT_RETAIN_SELF = YES;
				CLANG_WARN_OBJC_LITERAL_CONVERSION = YES;
				CLANG_WARN_OBJC_ROOT_CLASS = YES_ERROR;
				CLANG_WARN_QUOTED_INCLUDE_IN_FRAMEWORK_HEADER = YES;
				CLANG_WARN_RANGE_LOOP_ANALYSIS = YES;
				CLANG_WARN_STRICT_PROTOTYPES = YES;
				CLANG_WARN_SUSPICIOUS_MOVE = YES;
				CLANG_WARN_UNGUARDED_AVAILABILITY = YES_AGGRESSIVE;
				CLANG_WARN_UNREACHABLE_CODE = YES;
				CLANG_WARN__DUPLICATE_METHOD_MATCH = YES;
				COPY_PHASE_STRIP = NO;
				DEBUG_INFORMATION_FORMAT = dwarf;
				ENABLE_STRICT_OBJC_MSGSEND = YES;
				ENABLE_TESTABILITY = YES;
				GCC_C_LANGUAGE_STANDARD = gnu11;
				GCC_DYNAMIC_NO_PIC = NO;
				GCC_NO_COMMON_BLOCKS = YES;
				GCC_OPTIMIZATION_LEVEL = 0;
				GCC_PREPROCESSOR_DEFINITIONS = (
					"DEBUG=1",
					"$(inherited)",
				);
				GCC_WARN_64_TO_32_BIT_CONVERSION = YES;
				GCC_WARN_ABOUT_RETURN_TYPE = YES_ERROR;
				GCC_WARN_UNDECLARED_SELECTOR = YES;
				GCC_WARN_UNINITIALIZED_AUTOS = YES_AGGRESSIVE;
				GCC_WARN_UNUSED_FUNCTION = YES;
				GCC_WARN_UNUSED_VARIABLE = YES;
				IPHONEOS_DEPLOYMENT_TARGET = 15.0;
				MTL_ENABLE_DEBUG_INFO = INCLUDE_SOURCE;
				MTL_FAST_MATH = YES;
				ONLY_ACTIVE_ARCH = YES;
				SDKROOT = iphoneos;
				SWIFT_ACTIVE_COMPILATION_CONDITIONS = DEBUG;
				SWIFT_OPTIMIZATION_LEVEL = "-Onone";
			};
			name = Debug;
		};
		4463BC0127BE3E600081AEAA /* Release */ = {
			isa = XCBuildConfiguration;
			buildSettings = {
				ALWAYS_SEARCH_USER_PATHS = NO;
				CLANG_ANALYZER_NONNULL = YES;
				CLANG_ANALYZER_NUMBER_OBJECT_CONVERSION = YES_AGGRESSIVE;
				CLANG_CXX_LANGUAGE_STANDARD = "gnu++17";
				CLANG_CXX_LIBRARY = "libc++";
				CLANG_ENABLE_MODULES = YES;
				CLANG_ENABLE_OBJC_ARC = YES;
				CLANG_ENABLE_OBJC_WEAK = YES;
				CLANG_WARN_BLOCK_CAPTURE_AUTORELEASING = YES;
				CLANG_WARN_BOOL_CONVERSION = YES;
				CLANG_WARN_COMMA = YES;
				CLANG_WARN_CONSTANT_CONVERSION = YES;
				CLANG_WARN_DEPRECATED_OBJC_IMPLEMENTATIONS = YES;
				CLANG_WARN_DIRECT_OBJC_ISA_USAGE = YES_ERROR;
				CLANG_WARN_DOCUMENTATION_COMMENTS = YES;
				CLANG_WARN_EMPTY_BODY = YES;
				CLANG_WARN_ENUM_CONVERSION = YES;
				CLANG_WARN_INFINITE_RECURSION = YES;
				CLANG_WARN_INT_CONVERSION = YES;
				CLANG_WARN_NON_LITERAL_NULL_CONVERSION = YES;
				CLANG_WARN_OBJC_IMPLICIT_RETAIN_SELF = YES;
				CLANG_WARN_OBJC_LITERAL_CONVERSION = YES;
				CLANG_WARN_OBJC_ROOT_CLASS = YES_ERROR;
				CLANG_WARN_QUOTED_INCLUDE_IN_FRAMEWORK_HEADER = YES;
				CLANG_WARN_RANGE_LOOP_ANALYSIS = YES;
				CLANG_WARN_STRICT_PROTOTYPES = YES;
				CLANG_WARN_SUSPICIOUS_MOVE = YES;
				CLANG_WARN_UNGUARDED_AVAILABILITY = YES_AGGRESSIVE;
				CLANG_WARN_UNREACHABLE_CODE = YES;
				CLANG_WARN__DUPLICATE_METHOD_MATCH = YES;
				COPY_PHASE_STRIP = NO;
				DEBUG_INFORMATION_FORMAT = "dwarf-with-dsym";
				ENABLE_NS_ASSERTIONS = NO;
				ENABLE_STRICT_OBJC_MSGSEND = YES;
				GCC_C_LANGUAGE_STANDARD = gnu11;
				GCC_NO_COMMON_BLOCKS = YES;
				GCC_WARN_64_TO_32_BIT_CONVERSION = YES;
				GCC_WARN_ABOUT_RETURN_TYPE = YES_ERROR;
				GCC_WARN_UNDECLARED_SELECTOR = YES;
				GCC_WARN_UNINITIALIZED_AUTOS = YES_AGGRESSIVE;
				GCC_WARN_UNUSED_FUNCTION = YES;
				GCC_WARN_UNUSED_VARIABLE = YES;
				IPHONEOS_DEPLOYMENT_TARGET = 15.0;
				MTL_ENABLE_DEBUG_INFO = NO;
				MTL_FAST_MATH = YES;
				SDKROOT = iphoneos;
				SWIFT_COMPILATION_MODE = wholemodule;
				SWIFT_OPTIMIZATION_LEVEL = "-O";
				VALIDATE_PRODUCT = YES;
			};
			name = Release;
		};
		4463BC0327BE3E600081AEAA /* Debug */ = {
			isa = XCBuildConfiguration;
			baseConfigurationReference = DFF71FDA230780F420C74F3F /* Pods-XMPP-Sample.debug.xcconfig */;
			buildSettings = {
				ASSETCATALOG_COMPILER_APPICON_NAME = AppIcon;
				ASSETCATALOG_COMPILER_GLOBAL_ACCENT_COLOR_NAME = AccentColor;
				CODE_SIGN_STYLE = Automatic;
				CURRENT_PROJECT_VERSION = 1;
				DEVELOPMENT_TEAM = ZMJVKABPB8;
				GENERATE_INFOPLIST_FILE = YES;
				INFOPLIST_FILE = "XMPP-Sample/Info.plist";
				INFOPLIST_KEY_UIApplicationSupportsIndirectInputEvents = YES;
				INFOPLIST_KEY_UILaunchStoryboardName = LaunchScreen;
				INFOPLIST_KEY_UIMainStoryboardFile = Main;
				INFOPLIST_KEY_UISupportedInterfaceOrientations_iPad = "UIInterfaceOrientationPortrait UIInterfaceOrientationPortraitUpsideDown UIInterfaceOrientationLandscapeLeft UIInterfaceOrientationLandscapeRight";
				INFOPLIST_KEY_UISupportedInterfaceOrientations_iPhone = "UIInterfaceOrientationPortrait UIInterfaceOrientationLandscapeLeft UIInterfaceOrientationLandscapeRight";
				LD_RUNPATH_SEARCH_PATHS = (
					"$(inherited)",
					"@executable_path/Frameworks",
				);
				MARKETING_VERSION = 1.0;
				PRODUCT_BUNDLE_IDENTIFIER = "com.plethora.XMPP-Sample";
				PRODUCT_NAME = "$(TARGET_NAME)";
				SWIFT_EMIT_LOC_STRINGS = YES;
				SWIFT_VERSION = 5.0;
				TARGETED_DEVICE_FAMILY = "1,2";
			};
			name = Debug;
		};
		4463BC0427BE3E600081AEAA /* Release */ = {
			isa = XCBuildConfiguration;
			baseConfigurationReference = 114E778C585108F7DA056F26 /* Pods-XMPP-Sample.release.xcconfig */;
			buildSettings = {
				ASSETCATALOG_COMPILER_APPICON_NAME = AppIcon;
				ASSETCATALOG_COMPILER_GLOBAL_ACCENT_COLOR_NAME = AccentColor;
				CODE_SIGN_STYLE = Automatic;
				CURRENT_PROJECT_VERSION = 1;
				DEVELOPMENT_TEAM = ZMJVKABPB8;
				GENERATE_INFOPLIST_FILE = YES;
				INFOPLIST_FILE = "XMPP-Sample/Info.plist";
				INFOPLIST_KEY_UIApplicationSupportsIndirectInputEvents = YES;
				INFOPLIST_KEY_UILaunchStoryboardName = LaunchScreen;
				INFOPLIST_KEY_UIMainStoryboardFile = Main;
				INFOPLIST_KEY_UISupportedInterfaceOrientations_iPad = "UIInterfaceOrientationPortrait UIInterfaceOrientationPortraitUpsideDown UIInterfaceOrientationLandscapeLeft UIInterfaceOrientationLandscapeRight";
				INFOPLIST_KEY_UISupportedInterfaceOrientations_iPhone = "UIInterfaceOrientationPortrait UIInterfaceOrientationLandscapeLeft UIInterfaceOrientationLandscapeRight";
				LD_RUNPATH_SEARCH_PATHS = (
					"$(inherited)",
					"@executable_path/Frameworks",
				);
				MARKETING_VERSION = 1.0;
				PRODUCT_BUNDLE_IDENTIFIER = "com.plethora.XMPP-Sample";
				PRODUCT_NAME = "$(TARGET_NAME)";
				SWIFT_EMIT_LOC_STRINGS = YES;
				SWIFT_VERSION = 5.0;
				TARGETED_DEVICE_FAMILY = "1,2";
			};
			name = Release;
		};
		4463BC0627BE3E600081AEAA /* Debug */ = {
			isa = XCBuildConfiguration;
			baseConfigurationReference = F2E68956EB58DE526B37D7C3 /* Pods-XMPP-SampleTests.debug.xcconfig */;
			buildSettings = {
				ALWAYS_EMBED_SWIFT_STANDARD_LIBRARIES = YES;
				BUNDLE_LOADER = "$(TEST_HOST)";
				CODE_SIGN_STYLE = Automatic;
				CURRENT_PROJECT_VERSION = 1;
				DEVELOPMENT_TEAM = ZMJVKABPB8;
				GENERATE_INFOPLIST_FILE = YES;
				IPHONEOS_DEPLOYMENT_TARGET = 15.0;
				LD_RUNPATH_SEARCH_PATHS = (
					"$(inherited)",
					"@executable_path/Frameworks",
					"@loader_path/Frameworks",
				);
				MARKETING_VERSION = 1.0;
				PRODUCT_BUNDLE_IDENTIFIER = "com.plethora.XMPP-SampleTests";
				PRODUCT_NAME = "$(TARGET_NAME)";
				SWIFT_EMIT_LOC_STRINGS = NO;
				SWIFT_VERSION = 5.0;
				TARGETED_DEVICE_FAMILY = "1,2";
				TEST_HOST = "$(BUILT_PRODUCTS_DIR)/XMPP-Sample.app/XMPP-Sample";
			};
			name = Debug;
		};
		4463BC0727BE3E600081AEAA /* Release */ = {
			isa = XCBuildConfiguration;
			baseConfigurationReference = F96E3C19F85D424520CF84E3 /* Pods-XMPP-SampleTests.release.xcconfig */;
			buildSettings = {
				ALWAYS_EMBED_SWIFT_STANDARD_LIBRARIES = YES;
				BUNDLE_LOADER = "$(TEST_HOST)";
				CODE_SIGN_STYLE = Automatic;
				CURRENT_PROJECT_VERSION = 1;
				DEVELOPMENT_TEAM = ZMJVKABPB8;
				GENERATE_INFOPLIST_FILE = YES;
				IPHONEOS_DEPLOYMENT_TARGET = 15.0;
				LD_RUNPATH_SEARCH_PATHS = (
					"$(inherited)",
					"@executable_path/Frameworks",
					"@loader_path/Frameworks",
				);
				MARKETING_VERSION = 1.0;
				PRODUCT_BUNDLE_IDENTIFIER = "com.plethora.XMPP-SampleTests";
				PRODUCT_NAME = "$(TARGET_NAME)";
				SWIFT_EMIT_LOC_STRINGS = NO;
				SWIFT_VERSION = 5.0;
				TARGETED_DEVICE_FAMILY = "1,2";
				TEST_HOST = "$(BUILT_PRODUCTS_DIR)/XMPP-Sample.app/XMPP-Sample";
			};
			name = Release;
		};
		4463BC0927BE3E600081AEAA /* Debug */ = {
			isa = XCBuildConfiguration;
			baseConfigurationReference = 6EEC0845AFF13324068B6F60 /* Pods-XMPP-Sample-XMPP-SampleUITests.debug.xcconfig */;
			buildSettings = {
				ALWAYS_EMBED_SWIFT_STANDARD_LIBRARIES = YES;
				CODE_SIGN_STYLE = Automatic;
				CURRENT_PROJECT_VERSION = 1;
				DEVELOPMENT_TEAM = ZMJVKABPB8;
				GENERATE_INFOPLIST_FILE = YES;
				LD_RUNPATH_SEARCH_PATHS = (
					"$(inherited)",
					"@executable_path/Frameworks",
					"@loader_path/Frameworks",
				);
				MARKETING_VERSION = 1.0;
				PRODUCT_BUNDLE_IDENTIFIER = "com.plethora.XMPP-SampleUITests";
				PRODUCT_NAME = "$(TARGET_NAME)";
				SWIFT_EMIT_LOC_STRINGS = NO;
				SWIFT_VERSION = 5.0;
				TARGETED_DEVICE_FAMILY = "1,2";
				TEST_TARGET_NAME = "XMPP-Sample";
			};
			name = Debug;
		};
		4463BC0A27BE3E600081AEAA /* Release */ = {
			isa = XCBuildConfiguration;
			baseConfigurationReference = 9463C6BD76A348191999F3BF /* Pods-XMPP-Sample-XMPP-SampleUITests.release.xcconfig */;
			buildSettings = {
				ALWAYS_EMBED_SWIFT_STANDARD_LIBRARIES = YES;
				CODE_SIGN_STYLE = Automatic;
				CURRENT_PROJECT_VERSION = 1;
				DEVELOPMENT_TEAM = ZMJVKABPB8;
				GENERATE_INFOPLIST_FILE = YES;
				LD_RUNPATH_SEARCH_PATHS = (
					"$(inherited)",
					"@executable_path/Frameworks",
					"@loader_path/Frameworks",
				);
				MARKETING_VERSION = 1.0;
				PRODUCT_BUNDLE_IDENTIFIER = "com.plethora.XMPP-SampleUITests";
				PRODUCT_NAME = "$(TARGET_NAME)";
				SWIFT_EMIT_LOC_STRINGS = NO;
				SWIFT_VERSION = 5.0;
				TARGETED_DEVICE_FAMILY = "1,2";
				TEST_TARGET_NAME = "XMPP-Sample";
			};
			name = Release;
		};
/* End XCBuildConfiguration section */

/* Begin XCConfigurationList section */
		4463BBD027BE3E5F0081AEAA /* Build configuration list for PBXProject "XMPP-Sample" */ = {
			isa = XCConfigurationList;
			buildConfigurations = (
				4463BC0027BE3E600081AEAA /* Debug */,
				4463BC0127BE3E600081AEAA /* Release */,
			);
			defaultConfigurationIsVisible = 0;
			defaultConfigurationName = Release;
		};
		4463BC0227BE3E600081AEAA /* Build configuration list for PBXNativeTarget "XMPP-Sample" */ = {
			isa = XCConfigurationList;
			buildConfigurations = (
				4463BC0327BE3E600081AEAA /* Debug */,
				4463BC0427BE3E600081AEAA /* Release */,
			);
			defaultConfigurationIsVisible = 0;
			defaultConfigurationName = Release;
		};
		4463BC0527BE3E600081AEAA /* Build configuration list for PBXNativeTarget "XMPP-SampleTests" */ = {
			isa = XCConfigurationList;
			buildConfigurations = (
				4463BC0627BE3E600081AEAA /* Debug */,
				4463BC0727BE3E600081AEAA /* Release */,
			);
			defaultConfigurationIsVisible = 0;
			defaultConfigurationName = Release;
		};
		4463BC0827BE3E600081AEAA /* Build configuration list for PBXNativeTarget "XMPP-SampleUITests" */ = {
			isa = XCConfigurationList;
			buildConfigurations = (
				4463BC0927BE3E600081AEAA /* Debug */,
				4463BC0A27BE3E600081AEAA /* Release */,
			);
			defaultConfigurationIsVisible = 0;
			defaultConfigurationName = Release;
		};
/* End XCConfigurationList section */

/* Begin XCVersionGroup section */
		4463BBE127BE3E5F0081AEAA /* XMPP_Sample.xcdatamodeld */ = {
			isa = XCVersionGroup;
			children = (
				4463BBE227BE3E5F0081AEAA /* XMPP_Sample.xcdatamodel */,
			);
			currentVersion = 4463BBE227BE3E5F0081AEAA /* XMPP_Sample.xcdatamodel */;
			path = XMPP_Sample.xcdatamodeld;
			sourceTree = "<group>";
			versionGroupType = wrapper.xcdatamodel;
		};
/* End XCVersionGroup section */
	};
	rootObject = 4463BBCD27BE3E5F0081AEAA /* Project object */;
}
